{
  "name": "theladyleigh",
  "lockfileVersion": 2,
  "requires": true,
  "packages": {
    "": {
      "devDependencies": {
        "@sveltejs/adapter-static": "^1.0.0-next.16"
      }
    },
    "node_modules/@sveltejs/adapter-static": {
      "version": "1.0.0-next.16",
      "resolved": "https://registry.npmjs.org/@sveltejs/adapter-static/-/adapter-static-1.0.0-next.16.tgz",
      "integrity": "sha512-xGFcg+GHF0BL1fyWx2vCzlYj4S4R+Od9cF00soo1TVp/scGOi1G9grSYYW4x5H+iDn1sscoJ65OGBGWIcOgrXg==",
      "dev": true
    }
  },
  "dependencies": {
    "@sveltejs/adapter-static": {
      "version": "1.0.0-next.16",
      "resolved": "https://registry.npmjs.org/@sveltejs/adapter-static/-/adapter-static-1.0.0-next.16.tgz",
      "integrity": "sha512-xGFcg+GHF0BL1fyWx2vCzlYj4S4R+Od9cF00soo1TVp/scGOi1G9grSYYW4x5H+iDn1sscoJ65OGBGWIcOgrXg==",
      "dev": true
    }
  }
}
